
Microsoft Visual Studio Solution File, Format Version 12.00
# Visual Studio Version 17
VisualStudioVersion = 17.7.34221.43
MinimumVisualStudioVersion = 10.0.40219.1
Project("{888888A0-9F3D-457C-B088-3A5042F75D52}") = "NonLinearRegression", "NonLinearRegression.pyproj", "{FF3741E7-5B40-4524-998E-90503C638927}"
EndProject
Global
	GlobalSection(SolutionConfigurationPlatforms) = preSolution
		Debug|Any CPU = Debug|Any CPU
		Release|Any CPU = Release|Any CPU
	EndGlobalSection
	GlobalSection(ProjectConfigurationPlatforms) = postSolution
		{FF3741E7-5B40-4524-998E-90503C638927}.Debug|Any CPU.ActiveCfg = Debug|Any CPU
		{FF3741E7-5B40-4524-998E-90503C638927}.Release|Any CPU.ActiveCfg = Release|Any CPU
	EndGlobalSection
	GlobalSection(SolutionProperties) = preSolution
		HideSolutionNode = FALSE
	EndGlobalSection
	GlobalSection(ExtensibilityGlobals) = postSolution
		SolutionGuid = {8D0EEDFD-986D-47B6-8A7B-9CEBBD4D5B1E}
	EndGlobalSection
EndGlobal
